
Microsoft Visual Studio Solution File, Format Version 12.00
Project("{FAE04EC0-301F-11D3-BF4B-00C04F79EFBC}") = "AdventOfCode", "./AdventOfCode/AdventOfCode.csproj", "{457648F0-DDFD-4E2A-AF55-A78B4544E72C}"
EndProject
Project("{FAE04EC0-301F-11D3-BF4B-00C04F79EFBC}") = "AdventOfCodeTests", "AdventOfCodeTests\AdventOfCodeTests.csproj", "{51A5C996-57DA-4DB2-AD2E-8AD19B2068C1}"
EndProject
Global
	GlobalSection(SolutionConfigurationPlatforms) = preSolution
		Debug|Any CPU = Debug|Any CPU
		Release|Any CPU = Release|Any CPU
	EndGlobalSection
	GlobalSection(ProjectConfigurationPlatforms) = postSolution
		{457648F0-DDFD-4E2A-AF55-A78B4544E72C}.Debug|Any CPU.ActiveCfg = Debug|Any CPU
		{457648F0-DDFD-4E2A-AF55-A78B4544E72C}.Debug|Any CPU.Build.0 = Debug|Any CPU
		{457648F0-DDFD-4E2A-AF55-A78B4544E72C}.Release|Any CPU.ActiveCfg = Release|Any CPU
		{457648F0-DDFD-4E2A-AF55-A78B4544E72C}.Release|Any CPU.Build.0 = Release|Any CPU
		{51A5C996-57DA-4DB2-AD2E-8AD19B2068C1}.Debug|Any CPU.ActiveCfg = Debug|Any CPU
		{51A5C996-57DA-4DB2-AD2E-8AD19B2068C1}.Debug|Any CPU.Build.0 = Debug|Any CPU
		{51A5C996-57DA-4DB2-AD2E-8AD19B2068C1}.Release|Any CPU.ActiveCfg = Release|Any CPU
		{51A5C996-57DA-4DB2-AD2E-8AD19B2068C1}.Release|Any CPU.Build.0 = Release|Any CPU
	EndGlobalSection
EndGlobal
